
Microsoft Visual Studio Solution File, Format Version 12.00
# Visual Studio 2013
VisualStudioVersion = 12.0.30501.0
MinimumVisualStudioVersion = 10.0.40219.1
Project("{FAE04EC0-301F-11D3-BF4B-00C04F79EFBC}") = "Quanlicuahanggiaydep", "Quanlicuahanggiaydep.csproj", "{EC3B295A-74E4-4A51-BF4B-3972A648DBD6}"
EndProject
Global
	GlobalSection(SolutionConfigurationPlatforms) = preSolution
		Debug|Any CPU = Debug|Any CPU
		Release|Any CPU = Release|Any CPU
	EndGlobalSection
	GlobalSection(ProjectConfigurationPlatforms) = postSolution
		{EC3B295A-74E4-4A51-BF4B-3972A648DBD6}.Debug|Any CPU.ActiveCfg = Debug|Any CPU
		{EC3B295A-74E4-4A51-BF4B-3972A648DBD6}.Debug|Any CPU.Build.0 = Debug|Any CPU
		{EC3B295A-74E4-4A51-BF4B-3972A648DBD6}.Release|Any CPU.ActiveCfg = Release|Any CPU
		{EC3B295A-74E4-4A51-BF4B-3972A648DBD6}.Release|Any CPU.Build.0 = Release|Any CPU
	EndGlobalSection
	GlobalSection(SolutionProperties) = preSolution
		HideSolutionNode = FALSE
	EndGlobalSection
EndGlobal
